github.com/Syfaro/telegram-bot-api v4.6.4+incompatible h1:O30CgxZ/BuHpWfONoGirTIU7XUWhz6NPelk80FxipDI=
github.com/Syfaro/telegram-bot-api v4.6.4+incompatible/go.mod h1:eC/lEGT3gOB9RowMYsLx0YH1U8a/dEjceHY3M//ej88=
github.com/go-telegram-bot-api/telegram-bot-api v4.6.4+incompatible h1:2cauKuaELYAEARXRkq2LrJ0yDDv1rW7+wrTEdVL3uaU=
github.com/go-telegram-bot-api/telegram-bot-api v4.6.4+incompatible/go.mod h1:qf9acutJ8cwBUhm1bqgz6Bei9/C/c93FPDljKWwsOgM=
github.com/ipinfo/go v1.0.0 h1:rOnmW+QYzlMqG7ilCnZ472P77vKc+Db+IsCQJpj8Df0=
github.com/ipinfo/go v1.0.0/go.mod h1:wV+X3fcUUJEk7I+kUeHrP7NRo00oEeaOy4Wm4Qx1BkY=
github.com/ipinfo/go-ipinfo v1.0.0 h1:pMjxHV90rRVWHccR8g9S9/9oE+Mj9WcZoiyjpsvt2gM=
github.com/ipinfo/go-ipinfo v1.0.0/go.mod h1:U5CBM2XxTg7xTs6PlvaipW3spQYg+RwRMaiBd3fL1/I=
github.com/patrickmn/go-cache v2.1.0+incompatible h1:HRMgzkcYKYpi3C8ajMPV8OFXaaRUnok+kx1WdO15EQc=
github.com/patrickmn/go-cache v2.1.0+incompatible/go.mod h1:3Qf8kWWT7OJRJbdiICTKqZju1ZixQ/KpMGzzAfe6+WQ=
github.com/technoweenie/multipartstreamer v1.0.1 h1:XRztA5MXiR1TIRHxH2uNxXxaIkKQDeX7m2XsSOlQEnM=
github.com/technoweenie/multipartstreamer v1.0.1/go.mod h1:jNVxdtShOxzAsukZwTSw6MDx5eUJoiEBsSvzDU9uzog=
